
Microsoft Visual Studio Solution File, Format Version 12.00
# Visual Studio Version 17
VisualStudioVersion = 17.14.36121.58 d17.14
MinimumVisualStudioVersion = 10.0.40219.1
Project("{FAE04EC0-301F-11D3-BF4B-00C04F79EFBC}") = "NameFlare", "NameFlare\NameFlare.csproj", "{E6488FA3-B6EF-41BA-A57D-2F8B1EB6204B}"
EndProject
Project("{FAE04EC0-301F-11D3-BF4B-00C04F79EFBC}") = "NameFlare.Client", "NameFlare.Client\NameFlare.Client.csproj", "{8C5C4CA4-5F2E-43E3-B454-73E47A8B6BB2}"
EndProject
Global
	GlobalSection(SolutionConfigurationPlatforms) = preSolution
		Debug|Any CPU = Debug|Any CPU
		Release|Any CPU = Release|Any CPU
	EndGlobalSection
	GlobalSection(ProjectConfigurationPlatforms) = postSolution
		{E6488FA3-B6EF-41BA-A57D-2F8B1EB6204B}.Debug|Any CPU.ActiveCfg = Debug|Any CPU
		{E6488FA3-B6EF-41BA-A57D-2F8B1EB6204B}.Debug|Any CPU.Build.0 = Debug|Any CPU
		{E6488FA3-B6EF-41BA-A57D-2F8B1EB6204B}.Release|Any CPU.ActiveCfg = Release|Any CPU
		{E6488FA3-B6EF-41BA-A57D-2F8B1EB6204B}.Release|Any CPU.Build.0 = Release|Any CPU
		{8C5C4CA4-5F2E-43E3-B454-73E47A8B6BB2}.Debug|Any CPU.ActiveCfg = Debug|Any CPU
		{8C5C4CA4-5F2E-43E3-B454-73E47A8B6BB2}.Debug|Any CPU.Build.0 = Debug|Any CPU
		{8C5C4CA4-5F2E-43E3-B454-73E47A8B6BB2}.Release|Any CPU.ActiveCfg = Release|Any CPU
		{8C5C4CA4-5F2E-43E3-B454-73E47A8B6BB2}.Release|Any CPU.Build.0 = Release|Any CPU
	EndGlobalSection
	GlobalSection(SolutionProperties) = preSolution
		HideSolutionNode = FALSE
	EndGlobalSection
	GlobalSection(ExtensibilityGlobals) = postSolution
		SolutionGuid = {5B66B9A8-DC13-48E2-8C07-4E66672D6008}
	EndGlobalSection
EndGlobal
